schema: '2.0'
stages:
  data_cleaning:
    cmd: python src/data/cleaning.py
    deps:
    - path: data/raw/swiggy.csv
      hash: md5
      md5: ca1d2383fdab956587dfb524248fca57
      size: 7715639
    - path: src/data/cleaning.py
      hash: md5
      md5: a0a049b6cbc7575ffd785c68349fbc53
      size: 11915
    outs:
    - path: data/cleaned/swiggy_cleaned.csv
      hash: md5
      md5: f7a8a604d5e92d45189777ef98d6ef8f
      size: 4781539
  data_preparation:
    cmd: python src/data/data_preparation.py
    deps:
    - path: data/cleaned/swiggy_cleaned.csv
      hash: md5
      md5: f7a8a604d5e92d45189777ef98d6ef8f
      size: 4781539
    - path: src/data/data_preparation.py
      hash: md5
      md5: f0b7df6cc897fe0a301a2114103ebac6
      size: 3417
    outs:
    - path: data/interim/test.csv
      hash: md5
      md5: 803be6e981a037bc67955b4850bc3195
      size: 1194325
    - path: data/interim/train.csv
      hash: md5
      md5: b9edb9dbc6007029ea49719af6f66f23
      size: 3584256
  data_preprocessing:
    cmd: python src/features/data_preprocessing.py
    deps:
    - path: data/interim/test.csv
      hash: md5
      md5: 803be6e981a037bc67955b4850bc3195
      size: 1194325
    - path: data/interim/train.csv
      hash: md5
      md5: b9edb9dbc6007029ea49719af6f66f23
      size: 3584256
    - path: src/features/data_preprocessing.py
      hash: md5
      md5: 8ddc30903f2bce9c68d29f0a5805234b
      size: 6575
    outs:
    - path: data/processed/test_trans.csv
      hash: md5
      md5: 35b199c0556aedb4d1ca98c13585c09d
      size: 1374212
    - path: data/processed/train_trans.csv
      hash: md5
      md5: 8c77a23bed538ffa634b8e0fa5227607
      size: 4119911
  data_train:
    cmd: python src/models/train.py
    deps:
    - path: data/processed/train_trans.csv
      hash: md5
      md5: 8c77a23bed538ffa634b8e0fa5227607
      size: 4119911
    - path: params.yaml
      hash: md5
      md5: bc560bd72d85db343943d6f2991731c9
      size: 505
    - path: src/models/train.py
      hash: md5
      md5: ae9b331708e494cd7e773cfe3ba5e46d
      size: 4444
    outs:
    - path: models/model.joblib
      hash: md5
      md5: c5a45531d64b7d00aadb3d0ad337455e
      size: 60479800
    - path: models/power_transformer.joblib
      hash: md5
      md5: c0f551617df43877bc7911f92ee01d17
      size: 837
    - path: models/stacking_model.joblib
      hash: md5
      md5: 154a96f581cca6ea9e9a5566b45b230d
      size: 60469514
  data_evaluate:
    cmd: python src/models/evaluation.py
    deps:
    - path: data/processed/test_trans.csv
      hash: md5
      md5: 35b199c0556aedb4d1ca98c13585c09d
      size: 1374212
    - path: data/processed/train_trans.csv
      hash: md5
      md5: 8c77a23bed538ffa634b8e0fa5227607
      size: 4119911
    - path: models/model.joblib
      hash: md5
      md5: c5a45531d64b7d00aadb3d0ad337455e
      size: 60479800
    - path: models/power_transformer.joblib
      hash: md5
      md5: c0f551617df43877bc7911f92ee01d17
      size: 837
    - path: models/preprocessor.joblib
      hash: md5
      md5: e8e113cd41b8c065a1f7c7bb133497d9
      size: 8189
    - path: models/stacking_model.joblib
      hash: md5
      md5: 154a96f581cca6ea9e9a5566b45b230d
      size: 60469514
    - path: src/models/evaluation.py
      hash: md5
      md5: b471cc24f7dd0c252e125ee4dffafe9c
      size: 5539
    outs:
    - path: run_information.json
      hash: md5
      md5: bd4203aaa77e2e2bbe651565c5c12024
      size: 220
  register_model:
    cmd: python src/models/register_model.py
    deps:
    - path: run_information.json
      hash: md5
      md5: bd4203aaa77e2e2bbe651565c5c12024
      size: 220
    - path: src/models/register_model.py
      hash: md5
      md5: 06576e33c0bc1392b7a16b61a908446c
      size: 2440
