schema: '2.0'
stages:
  data_cleaning:
    cmd: python src/data/cleaning.py
    deps:
    - path: data/raw/swiggy.csv
      hash: md5
      md5: 0b050b37dfe6cfbfaa18d7cb4e454377
      size: 7772212
    - path: src/data/cleaning.py
      hash: md5
      md5: b25db29774d7cc8b5bcaf301e0734efd
      size: 11470
    outs:
    - path: data/cleaned/swiggy_cleaned.csv
      hash: md5
      md5: 4918716e52fc57babdcd400dfb3c3f29
      size: 4508527
  data_preparation:
    cmd: python src/data/data_preparation.py
    deps:
    - path: data/cleaned/swiggy_cleaned.csv
      hash: md5
      md5: 4918716e52fc57babdcd400dfb3c3f29
      size: 4508527
    - path: src/data/data_preparation.py
      hash: md5
      md5: f0b7df6cc897fe0a301a2114103ebac6
      size: 3417
    outs:
    - path: data/interim/test.csv
      hash: md5
      md5: e17e82f6e38f0a4a384bfe008be42ba2
      size: 1126527
    - path: data/interim/train.csv
      hash: md5
      md5: c947bf174a89cccd1c8ec92dfab7ea14
      size: 3379042
  data_preprocessing:
    cmd: python src/features/data_preprocessing.py
    deps:
    - path: data/interim/test.csv
      hash: md5
      md5: e17e82f6e38f0a4a384bfe008be42ba2
      size: 1126527
    - path: data/interim/train.csv
      hash: md5
      md5: c947bf174a89cccd1c8ec92dfab7ea14
      size: 3379042
    - path: src/features/data_preprocessing.py
      hash: md5
      md5: d99d0555ae2d7346d8c54bcaad7bc61b
      size: 6397
    outs:
    - path: data/processed/test_trans.csv
      hash: md5
      md5: 6a7f129b63c05b9922c237e6ae702b26
      size: 1358276
    - path: data/processed/train_trans.csv
      hash: md5
      md5: 607d3fb5ca7957bc02695329fe4322bd
      size: 4060457
  data_train:
    cmd: python src/models/train.py
    deps:
    - path: data/processed/train_trans.csv
      hash: md5
      md5: 607d3fb5ca7957bc02695329fe4322bd
      size: 4060457
    - path: params.yaml
      hash: md5
      md5: ee31c8e9bd9d004be155684baf52028f
      size: 506
    - path: src/models/train.py
      hash: md5
      md5: ae9b331708e494cd7e773cfe3ba5e46d
      size: 4444
    outs:
    - path: models/model.joblib
      hash: md5
      md5: af2ab598fd88d46b25d87d2af41d5f3b
      size: 61337512
    - path: models/power_transformer.joblib
      hash: md5
      md5: 856818dca7596c638ba9dce06a61990d
      size: 837
    - path: models/stacking_model.joblib
      hash: md5
      md5: 679caf105dc782237a5089a07a35e4f3
      size: 61327226
  data_evaluate:
    cmd: python src/models/evaluation.py
    deps:
    - path: data/processed/test_trans.csv
      hash: md5
      md5: 6a7f129b63c05b9922c237e6ae702b26
      size: 1358276
    - path: data/processed/train_trans.csv
      hash: md5
      md5: 607d3fb5ca7957bc02695329fe4322bd
      size: 4060457
    - path: models/model.joblib
      hash: md5
      md5: af2ab598fd88d46b25d87d2af41d5f3b
      size: 61337512
    - path: models/power_transformer.joblib
      hash: md5
      md5: 856818dca7596c638ba9dce06a61990d
      size: 837
    - path: models/preprocessor.joblib
      hash: md5
      md5: c0652dd8895d2bfd2728cd749f32c143
      size: 8189
    - path: models/stacking_model.joblib
      hash: md5
      md5: 679caf105dc782237a5089a07a35e4f3
      size: 61327226
    - path: src/models/evaluation.py
      hash: md5
      md5: b471cc24f7dd0c252e125ee4dffafe9c
      size: 5539
    outs:
    - path: run_information.json
      hash: md5
      md5: 7b2b003514fb34600b72e50d51b0255f
      size: 220
  register_model:
    cmd: python src/models/register_model.py
    deps:
    - path: run_information.json
      hash: md5
      md5: 7b2b003514fb34600b72e50d51b0255f
      size: 220
    - path: src/models/register_model.py
      hash: md5
      md5: 06576e33c0bc1392b7a16b61a908446c
      size: 2440
